
Microsoft Visual Studio Solution File, Format Version 12.00
# Visual Studio Version 17
VisualStudioVersion = 17.10.35004.147
MinimumVisualStudioVersion = 10.0.40219.1
Project("{FAE04EC0-301F-11D3-BF4B-00C04F79EFBC}") = "hw_12_11_2024", "hw_12_11_2024\hw_12_11_2024.csproj", "{A16C83DF-A6C1-4F87-A5EF-B45C70398DC9}"
EndProject
Global
	GlobalSection(SolutionConfigurationPlatforms) = preSolution
		Debug|Any CPU = Debug|Any CPU
		Release|Any CPU = Release|Any CPU
	EndGlobalSection
	GlobalSection(ProjectConfigurationPlatforms) = postSolution
		{A16C83DF-A6C1-4F87-A5EF-B45C70398DC9}.Debug|Any CPU.ActiveCfg = Debug|Any CPU
		{A16C83DF-A6C1-4F87-A5EF-B45C70398DC9}.Debug|Any CPU.Build.0 = Debug|Any CPU
		{A16C83DF-A6C1-4F87-A5EF-B45C70398DC9}.Release|Any CPU.ActiveCfg = Release|Any CPU
		{A16C83DF-A6C1-4F87-A5EF-B45C70398DC9}.Release|Any CPU.Build.0 = Release|Any CPU
	EndGlobalSection
	GlobalSection(SolutionProperties) = preSolution
		HideSolutionNode = FALSE
	EndGlobalSection
	GlobalSection(ExtensibilityGlobals) = postSolution
		SolutionGuid = {01296230-017A-40BC-8BCC-18B89F092E80}
	EndGlobalSection
EndGlobal
